{
  "name": "EasyHome-App",
  "lockfileVersion": 3,
  "requires": true,
  "packages": {
    "": {
      "dependencies": {
        "@react-navigation/native-stack": "^6.9.22"
      }
    },
    "node_modules/@react-navigation/core": {
      "version": "6.4.13",
      "license": "MIT",
      "peer": true,
      "dependencies": {
        "@react-navigation/routers": "^6.1.9",
        "escape-string-regexp": "^4.0.0",
        "nanoid": "^3.1.23",
        "query-string": "^7.1.3",
        "react-is": "^16.13.0",
        "use-latest-callback": "^0.1.7"
      },
      "peerDependencies": {
        "react": "*"
      }
    },
    "node_modules/@react-navigation/elements": {
      "version": "1.3.26",
      "license": "MIT",
      "peerDependencies": {
        "@react-navigation/native": "^6.0.0",
        "react": "*",
        "react-native": "*",
        "react-native-safe-area-context": ">= 3.0.0"
      }
    },
    "node_modules/@react-navigation/native": {
      "version": "6.1.14",
      "license": "MIT",
      "peer": true,
      "dependencies": {
        "@react-navigation/core": "^6.4.13",
        "escape-string-regexp": "^4.0.0",
        "fast-deep-equal": "^3.1.3",
        "nanoid": "^3.1.23"
      },
      "peerDependencies": {
        "react": "*",
        "react-native": "*"
      }
    },
    "node_modules/@react-navigation/native-stack": {
      "version": "6.9.22",
      "resolved": "https://registry.npmjs.org/@react-navigation/native-stack/-/native-stack-6.9.22.tgz",
      "integrity": "sha512-1GGztUWXY+lbsIYkGV3HCYBF7qIOHnx663csgXArzunk8CcWNsUYwM7k1/Ql8e2LyvJtdjE3OS4fjLh+d72/YA==",
      "dependencies": {
        "@react-navigation/elements": "^1.3.26",
        "warn-once": "^0.1.0"
      },
      "peerDependencies": {
        "@react-navigation/native": "^6.0.0",
        "react": "*",
        "react-native": "*",
        "react-native-safe-area-context": ">= 3.0.0",
        "react-native-screens": ">= 3.0.0"
      }
    },
    "node_modules/@react-navigation/routers": {
      "version": "6.1.9",
      "license": "MIT",
      "peer": true,
      "dependencies": {
        "nanoid": "^3.1.23"
      }
    },
    "node_modules/decode-uri-component": {
      "version": "0.2.2",
      "license": "MIT",
      "peer": true,
      "engines": {
        "node": ">=0.10"
      }
    },
    "node_modules/escape-string-regexp": {
      "version": "4.0.0",
      "license": "MIT",
      "peer": true,
      "engines": {
        "node": ">=10"
      },
      "funding": {
        "url": "https://github.com/sponsors/sindresorhus"
      }
    },
    "node_modules/fast-deep-equal": {
      "version": "3.1.3",
      "license": "MIT",
      "peer": true
    },
    "node_modules/filter-obj": {
      "version": "1.1.0",
      "license": "MIT",
      "peer": true,
      "engines": {
        "node": ">=0.10.0"
      }
    },
    "node_modules/js-tokens": {
      "version": "4.0.0",
      "license": "MIT",
      "peer": true
    },
    "node_modules/loose-envify": {
      "version": "1.4.0",
      "license": "MIT",
      "peer": true,
      "dependencies": {
        "js-tokens": "^3.0.0 || ^4.0.0"
      },
      "bin": {
        "loose-envify": "cli.js"
      }
    },
    "node_modules/nanoid": {
      "version": "3.3.7",
      "funding": [
        {
          "type": "github",
          "url": "https://github.com/sponsors/ai"
        }
      ],
      "license": "MIT",
      "peer": true,
      "bin": {
        "nanoid": "bin/nanoid.cjs"
      },
      "engines": {
        "node": "^10 || ^12 || ^13.7 || ^14 || >=15.0.1"
      }
    },
    "node_modules/query-string": {
      "version": "7.1.3",
      "license": "MIT",
      "peer": true,
      "dependencies": {
        "decode-uri-component": "^0.2.2",
        "filter-obj": "^1.1.0",
        "split-on-first": "^1.0.0",
        "strict-uri-encode": "^2.0.0"
      },
      "engines": {
        "node": ">=6"
      },
      "funding": {
        "url": "https://github.com/sponsors/sindresorhus"
      }
    },
    "node_modules/react": {
      "version": "18.2.0",
      "license": "MIT",
      "peer": true,
      "dependencies": {
        "loose-envify": "^1.1.0"
      },
      "engines": {
        "node": ">=0.10.0"
      }
    },
    "node_modules/react-freeze": {
      "version": "1.0.4",
      "license": "MIT",
      "peer": true,
      "engines": {
        "node": ">=10"
      },
      "peerDependencies": {
        "react": ">=17.0.0"
      }
    },
    "node_modules/react-is": {
      "version": "16.13.1",
      "license": "MIT",
      "peer": true
    },
    "node_modules/react-native": {
      "peer": true
    },
    "node_modules/react-native-safe-area-context": {
      "version": "4.9.0",
      "license": "MIT",
      "peer": true,
      "peerDependencies": {
        "react": "*",
        "react-native": "*"
      }
    },
    "node_modules/react-native-screens": {
      "version": "3.29.0",
      "license": "MIT",
      "peer": true,
      "dependencies": {
        "react-freeze": "^1.0.0",
        "warn-once": "^0.1.0"
      },
      "peerDependencies": {
        "react": "*",
        "react-native": "*"
      }
    },
    "node_modules/split-on-first": {
      "version": "1.1.0",
      "license": "MIT",
      "peer": true,
      "engines": {
        "node": ">=6"
      }
    },
    "node_modules/strict-uri-encode": {
      "version": "2.0.0",
      "license": "MIT",
      "peer": true,
      "engines": {
        "node": ">=4"
      }
    },
    "node_modules/use-latest-callback": {
      "version": "0.1.9",
      "license": "MIT",
      "peer": true,
      "peerDependencies": {
        "react": ">=16.8"
      }
    },
    "node_modules/warn-once": {
      "version": "0.1.1",
      "license": "MIT"
    }
  }
}
